
Microsoft Visual Studio Solution File, Format Version 12.00
# Visual Studio 14
VisualStudioVersion = 14.0.25420.1
MinimumVisualStudioVersion = 10.0.40219.1
Project("{FAE04EC0-301F-11D3-BF4B-00C04F79EFBC}") = "DrawApplication1", "DrawApplication1\DrawApplication1.csproj", "{E94EEBCA-0DDE-4127-8113-9156A0A546EB}"
EndProject
Project("{FAE04EC0-301F-11D3-BF4B-00C04F79EFBC}") = "DrawApplication1.Tests", "DrawApplication1.Tests\DrawApplication1.Tests.csproj", "{D913CDB1-56F9-48EE-9C4B-1C9A792B7418}"
EndProject
Global
	GlobalSection(SolutionConfigurationPlatforms) = preSolution
		Debug|Any CPU = Debug|Any CPU
		Release|Any CPU = Release|Any CPU
	EndGlobalSection
	GlobalSection(ProjectConfigurationPlatforms) = postSolution
		{E94EEBCA-0DDE-4127-8113-9156A0A546EB}.Debug|Any CPU.ActiveCfg = Debug|Any CPU
		{E94EEBCA-0DDE-4127-8113-9156A0A546EB}.Debug|Any CPU.Build.0 = Debug|Any CPU
		{E94EEBCA-0DDE-4127-8113-9156A0A546EB}.Release|Any CPU.ActiveCfg = Release|Any CPU
		{E94EEBCA-0DDE-4127-8113-9156A0A546EB}.Release|Any CPU.Build.0 = Release|Any CPU
		{D913CDB1-56F9-48EE-9C4B-1C9A792B7418}.Debug|Any CPU.ActiveCfg = Debug|Any CPU
		{D913CDB1-56F9-48EE-9C4B-1C9A792B7418}.Debug|Any CPU.Build.0 = Debug|Any CPU
		{D913CDB1-56F9-48EE-9C4B-1C9A792B7418}.Release|Any CPU.ActiveCfg = Release|Any CPU
		{D913CDB1-56F9-48EE-9C4B-1C9A792B7418}.Release|Any CPU.Build.0 = Release|Any CPU
	EndGlobalSection
	GlobalSection(SolutionProperties) = preSolution
		HideSolutionNode = FALSE
	EndGlobalSection
EndGlobal
